
Microsoft Visual Studio Solution File, Format Version 12.00
# Visual Studio Version 17
VisualStudioVersion = 17.3.32929.385
MinimumVisualStudioVersion = 10.0.40219.1
Project("{FAE04EC0-301F-11D3-BF4B-00C04F79EFBC}") = "eTickets", "eTickets\eTickets.csproj", "{D089B837-AE5D-4542-B76E-2E5F294B76F4}"
EndProject
Global
	GlobalSection(SolutionConfigurationPlatforms) = preSolution
		Debug|Any CPU = Debug|Any CPU
		Release|Any CPU = Release|Any CPU
	EndGlobalSection
	GlobalSection(ProjectConfigurationPlatforms) = postSolution
		{D089B837-AE5D-4542-B76E-2E5F294B76F4}.Debug|Any CPU.ActiveCfg = Debug|Any CPU
		{D089B837-AE5D-4542-B76E-2E5F294B76F4}.Debug|Any CPU.Build.0 = Debug|Any CPU
		{D089B837-AE5D-4542-B76E-2E5F294B76F4}.Release|Any CPU.ActiveCfg = Release|Any CPU
		{D089B837-AE5D-4542-B76E-2E5F294B76F4}.Release|Any CPU.Build.0 = Release|Any CPU
	EndGlobalSection
	GlobalSection(SolutionProperties) = preSolution
		HideSolutionNode = FALSE
	EndGlobalSection
	GlobalSection(ExtensibilityGlobals) = postSolution
		SolutionGuid = {B6E7A304-103E-44F3-A569-B34E36061693}
	EndGlobalSection
EndGlobal
